Microsoft Visual Studio Solution File, Format Version 12.00
# Visual Studio Version 17
VisualStudioVersion = 17.5.2.0
MinimumVisualStudioVersion = 10.0.40219.1
Project("{FAE04EC0-301F-11D3-BF4B-00C04F79EFBC}") = "new_resturant", "new_resturant.csproj", "{A7CA98B9-24B5-02BE-260A-20DEDB5079E3}"
EndProject
Global
	GlobalSection(SolutionConfigurationPlatforms) = preSolution
		Debug|Any CPU = Debug|Any CPU
		Release|Any CPU = Release|Any CPU
	EndGlobalSection
	GlobalSection(ProjectConfigurationPlatforms) = postSolution
		{A7CA98B9-24B5-02BE-260A-20DEDB5079E3}.Debug|Any CPU.ActiveCfg = Debug|Any CPU
		{A7CA98B9-24B5-02BE-260A-20DEDB5079E3}.Debug|Any CPU.Build.0 = Debug|Any CPU
		{A7CA98B9-24B5-02BE-260A-20DEDB5079E3}.Release|Any CPU.ActiveCfg = Release|Any CPU
		{A7CA98B9-24B5-02BE-260A-20DEDB5079E3}.Release|Any CPU.Build.0 = Release|Any CPU
	EndGlobalSection
	GlobalSection(SolutionProperties) = preSolution
		HideSolutionNode = FALSE
	EndGlobalSection
	GlobalSection(ExtensibilityGlobals) = postSolution
		SolutionGuid = {2F761227-FACF-45FF-A568-2BDFC8A27697}
	EndGlobalSection
EndGlobal
